// !$*UTF8*$!
{
	archiveVersion = 1;
	classes = {
	};
	objectVersion = 56;
	objects = {

/* Begin PBXBuildFile section */
		F34D2BCF2B73671700491EBE /* UMC_iOSApp.swift in Sources */ = {isa = PBXBuildFile; fileRef = F34D2BCE2B73671700491EBE /* UMC_iOSApp.swift */; };
		F34D2BD12B73671700491EBE /* ContentView.swift in Sources */ = {isa = PBXBuildFile; fileRef = F34D2BD02B73671700491EBE /* ContentView.swift */; };
		F34D2BD32B73671800491EBE /* Assets.xcassets in Resources */ = {isa = PBXBuildFile; fileRef = F34D2BD22B73671800491EBE /* Assets.xcassets */; };
		F34D2BD62B73671800491EBE /* Preview Assets.xcassets in Resources */ = {isa = PBXBuildFile; fileRef = F34D2BD52B73671800491EBE /* Preview Assets.xcassets */; };
		F34D2BE02B73671800491EBE /* UMC_iOSTests.swift in Sources */ = {isa = PBXBuildFile; fileRef = F34D2BDF2B73671800491EBE /* UMC_iOSTests.swift */; };
		F34D2BEA2B73671800491EBE /* UMC_iOSUITests.swift in Sources */ = {isa = PBXBuildFile; fileRef = F34D2BE92B73671800491EBE /* UMC_iOSUITests.swift */; };
		F34D2BEC2B73671800491EBE /* UMC_iOSUITestsLaunchTests.swift in Sources */ = {isa = PBXBuildFile; fileRef = F34D2BEB2B73671800491EBE /* UMC_iOSUITestsLaunchTests.swift */; };
/* End PBXBuildFile section */

/* Begin PBXContainerItemProxy section */
		F34D2BDC2B73671800491EBE /* PBXContainerItemProxy */ = {
			isa = PBXContainerItemProxy;
			containerPortal = F34D2BC32B73671700491EBE /* Project object */;
			proxyType = 1;
			remoteGlobalIDString = F34D2BCA2B73671700491EBE;
			remoteInfo = "UMC-iOS";
		};
		F34D2BE62B73671800491EBE /* PBXContainerItemProxy */ = {
			isa = PBXContainerItemProxy;
			containerPortal = F34D2BC32B73671700491EBE /* Project object */;
			proxyType = 1;
			remoteGlobalIDString = F34D2BCA2B73671700491EBE;
			remoteInfo = "UMC-iOS";
		};
/* End PBXContainerItemProxy section */

/* Begin PBXFileReference section */
		F34D2BCB2B73671700491EBE /* UMC-iOS.app */ = {isa = PBXFileReference; explicitFileType = wrapper.application; includeInIndex = 0; path = "UMC-iOS.app"; sourceTree = BUILT_PRODUCTS_DIR; };
		F34D2BCE2B73671700491EBE /* UMC_iOSApp.swift */ = {isa = PBXFileReference; lastKnownFileType = sourcecode.swift; path = UMC_iOSApp.swift; sourceTree = "<group>"; };
		F34D2BD02B73671700491EBE /* ContentView.swift */ = {isa = PBXFileReference; lastKnownFileType = sourcecode.swift; path = ContentView.swift; sourceTree = "<group>"; };
		F34D2BD22B73671800491EBE /* Assets.xcassets */ = {isa = PBXFileReference; lastKnownFileType = folder.assetcatalog; path = Assets.xcassets; sourceTree = "<group>"; };
		F34D2BD52B73671800491EBE /* Preview Assets.xcassets */ = {isa = PBXFileReference; lastKnownFileType = folder.assetcatalog; path = "Preview Assets.xcassets"; sourceTree = "<group>"; };
		F34D2BDB2B73671800491EBE /* UMC-iOSTests.xctest */ = {isa = PBXFileReference; explicitFileType = wrapper.cfbundle; includeInIndex = 0; path = "UMC-iOSTests.xctest"; sourceTree = BUILT_PRODUCTS_DIR; };
		F34D2BDF2B73671800491EBE /* UMC_iOSTests.swift */ = {isa = PBXFileReference; lastKnownFileType = sourcecode.swift; path = UMC_iOSTests.swift; sourceTree = "<group>"; };
		F34D2BE52B73671800491EBE /* UMC-iOSUITests.xctest */ = {isa = PBXFileReference; explicitFileType = wrapper.cfbundle; includeInIndex = 0; path = "UMC-iOSUITests.xctest"; sourceTree = BUILT_PRODUCTS_DIR; };
		F34D2BE92B73671800491EBE /* UMC_iOSUITests.swift */ = {isa = PBXFileReference; lastKnownFileType = sourcecode.swift; path = UMC_iOSUITests.swift; sourceTree = "<group>"; };
		F34D2BEB2B73671800491EBE /* UMC_iOSUITestsLaunchTests.swift */ = {isa = PBXFileReference; lastKnownFileType = sourcecode.swift; path = UMC_iOSUITestsLaunchTests.swift; sourceTree = "<group>"; };
/* End PBXFileReference section */

/* Begin PBXFrameworksBuildPhase section */
		F34D2BC82B73671700491EBE /* Frameworks */ = {
			isa = PBXFrameworksBuildPhase;
			buildActionMask = 2147483647;
			files = (
			);
			runOnlyForDeploymentPostprocessing = 0;
		};
		F34D2BD82B73671800491EBE /* Frameworks */ = {
			isa = PBXFrameworksBuildPhase;
			buildActionMask = 2147483647;
			files = (
			);
			runOnlyForDeploymentPostprocessing = 0;
		};
		F34D2BE22B73671800491EBE /* Frameworks */ = {
			isa = PBXFrameworksBuildPhase;
			buildActionMask = 2147483647;
			files = (
			);
			runOnlyForDeploymentPostprocessing = 0;
		};
/* End PBXFrameworksBuildPhase section */

/* Begin PBXGroup section */
		F34D2BC22B73671700491EBE = {
			isa = PBXGroup;
			children = (
				F34D2BCD2B73671700491EBE /* UMC-iOS */,
				F34D2BDE2B73671800491EBE /* UMC-iOSTests */,
				F34D2BE82B73671800491EBE /* UMC-iOSUITests */,
				F34D2BCC2B73671700491EBE /* Products */,
			);
			sourceTree = "<group>";
		};
		F34D2BCC2B73671700491EBE /* Products */ = {
			isa = PBXGroup;
			children = (
				F34D2BCB2B73671700491EBE /* UMC-iOS.app */,
				F34D2BDB2B73671800491EBE /* UMC-iOSTests.xctest */,
				F34D2BE52B73671800491EBE /* UMC-iOSUITests.xctest */,
			);
			name = Products;
			sourceTree = "<group>";
		};
		F34D2BCD2B73671700491EBE /* UMC-iOS */ = {
			isa = PBXGroup;
			children = (
				F34D2BCE2B73671700491EBE /* UMC_iOSApp.swift */,
				F34D2BD02B73671700491EBE /* ContentView.swift */,
				F34D2BD22B73671800491EBE /* Assets.xcassets */,
				F34D2BD42B73671800491EBE /* Preview Content */,
			);
			path = "UMC-iOS";
			sourceTree = "<group>";
		};
		F34D2BD42B73671800491EBE /* Preview Content */ = {
			isa = PBXGroup;
			children = (
				F34D2BD52B73671800491EBE /* Preview Assets.xcassets */,
			);
			path = "Preview Content";
			sourceTree = "<group>";
		};
		F34D2BDE2B73671800491EBE /* UMC-iOSTests */ = {
			isa = PBXGroup;
			children = (
				F34D2BDF2B73671800491EBE /* UMC_iOSTests.swift */,
			);
			path = "UMC-iOSTests";
			sourceTree = "<group>";
		};
		F34D2BE82B73671800491EBE /* UMC-iOSUITests */ = {
			isa = PBXGroup;
			children = (
				F34D2BE92B73671800491EBE /* UMC_iOSUITests.swift */,
				F34D2BEB2B73671800491EBE /* UMC_iOSUITestsLaunchTests.swift */,
			);
			path = "UMC-iOSUITests";
			sourceTree = "<group>";
		};
/* End PBXGroup section */

/* Begin PBXNativeTarget section */
		F34D2BCA2B73671700491EBE /* UMC-iOS */ = {
			isa = PBXNativeTarget;
			buildConfigurationList = F34D2BEF2B73671800491EBE /* Build configuration list for PBXNativeTarget "UMC-iOS" */;
			buildPhases = (
				F34D2BC72B73671700491EBE /* Sources */,
				F34D2BC82B73671700491EBE /* Frameworks */,
				F34D2BC92B73671700491EBE /* Resources */,
			);
			buildRules = (
			);
			dependencies = (
			);
			name = "UMC-iOS";
			productName = "UMC-iOS";
			productReference = F34D2BCB2B73671700491EBE /* UMC-iOS.app */;
			productType = "com.apple.product-type.application";
		};
		F34D2BDA2B73671800491EBE /* UMC-iOSTests */ = {
			isa = PBXNativeTarget;
			buildConfigurationList = F34D2BF22B73671800491EBE /* Build configuration list for PBXNativeTarget "UMC-iOSTests" */;
			buildPhases = (
				F34D2BD72B73671800491EBE /* Sources */,
				F34D2BD82B73671800491EBE /* Frameworks */,
				F34D2BD92B73671800491EBE /* Resources */,
			);
			buildRules = (
			);
			dependencies = (
				F34D2BDD2B73671800491EBE /* PBXTargetDependency */,
			);
			name = "UMC-iOSTests";
			productName = "UMC-iOSTests";
			productReference = F34D2BDB2B73671800491EBE /* UMC-iOSTests.xctest */;
			productType = "com.apple.product-type.bundle.unit-test";
		};
		F34D2BE42B73671800491EBE /* UMC-iOSUITests */ = {
			isa = PBXNativeTarget;
			buildConfigurationList = F34D2BF52B73671800491EBE /* Build configuration list for PBXNativeTarget "UMC-iOSUITests" */;
			buildPhases = (
				F34D2BE12B73671800491EBE /* Sources */,
				F34D2BE22B73671800491EBE /* Frameworks */,
				F34D2BE32B73671800491EBE /* Resources */,
			);
			buildRules = (
			);
			dependencies = (
				F34D2BE72B73671800491EBE /* PBXTargetDependency */,
			);
			name = "UMC-iOSUITests";
			productName = "UMC-iOSUITests";
			productReference = F34D2BE52B73671800491EBE /* UMC-iOSUITests.xctest */;
			productType = "com.apple.product-type.bundle.ui-testing";
		};
/* End PBXNativeTarget section */

/* Begin PBXProject section */
		F34D2BC32B73671700491EBE /* Project object */ = {
			isa = PBXProject;
			attributes = {
				BuildIndependentTargetsInParallel = 1;
				LastSwiftUpdateCheck = 1510;
				LastUpgradeCheck = 1510;
				TargetAttributes = {
					F34D2BCA2B73671700491EBE = {
						CreatedOnToolsVersion = 15.1;
					};
					F34D2BDA2B73671800491EBE = {
						CreatedOnToolsVersion = 15.1;
						TestTargetID = F34D2BCA2B73671700491EBE;
					};
					F34D2BE42B73671800491EBE = {
						CreatedOnToolsVersion = 15.1;
						TestTargetID = F34D2BCA2B73671700491EBE;
					};
				};
			};
			buildConfigurationList = F34D2BC62B73671700491EBE /* Build configuration list for PBXProject "UMC-iOS" */;
			compatibilityVersion = "Xcode 14.0";
			developmentRegion = en;
			hasScannedForEncodings = 0;
			knownRegions = (
				en,
				Base,
			);
			mainGroup = F34D2BC22B73671700491EBE;
			productRefGroup = F34D2BCC2B73671700491EBE /* Products */;
			projectDirPath = "";
			projectRoot = "";
			targets = (
				F34D2BCA2B73671700491EBE /* UMC-iOS */,
				F34D2BDA2B73671800491EBE /* UMC-iOSTests */,
				F34D2BE42B73671800491EBE /* UMC-iOSUITests */,
			);
		};
/* End PBXProject section */

/* Begin PBXResourcesBuildPhase section */
		F34D2BC92B73671700491EBE /* Resources */ = {
			isa = PBXResourcesBuildPhase;
			buildActionMask = 2147483647;
			files = (
				F34D2BD62B73671800491EBE /* Preview Assets.xcassets in Resources */,
				F34D2BD32B73671800491EBE /* Assets.xcassets in Resources */,
			);
			runOnlyForDeploymentPostprocessing = 0;
		};
		F34D2BD92B73671800491EBE /* Resources */ = {
			isa = PBXResourcesBuildPhase;
			buildActionMask = 2147483647;
			files = (
			);
			runOnlyForDeploymentPostprocessing = 0;
		};
		F34D2BE32B73671800491EBE /* Resources */ = {
			isa = PBXResourcesBuildPhase;
			buildActionMask = 2147483647;
			files = (
			);
			runOnlyForDeploymentPostprocessing = 0;
		};
/* End PBXResourcesBuildPhase section */

/* Begin PBXSourcesBuildPhase section */
		F34D2BC72B73671700491EBE /* Sources */ = {
			isa = PBXSourcesBuildPhase;
			buildActionMask = 2147483647;
			files = (
				F34D2BD12B73671700491EBE /* ContentView.swift in Sources */,
				F34D2BCF2B73671700491EBE /* UMC_iOSApp.swift in Sources */,
			);
			runOnlyForDeploymentPostprocessing = 0;
		};
		F34D2BD72B73671800491EBE /* Sources */ = {
			isa = PBXSourcesBuildPhase;
			buildActionMask = 2147483647;
			files = (
				F34D2BE02B73671800491EBE /* UMC_iOSTests.swift in Sources */,
			);
			runOnlyForDeploymentPostprocessing = 0;
		};
		F34D2BE12B73671800491EBE /* Sources */ = {
			isa = PBXSourcesBuildPhase;
			buildActionMask = 2147483647;
			files = (
				F34D2BEC2B73671800491EBE /* UMC_iOSUITestsLaunchTests.swift in Sources */,
				F34D2BEA2B73671800491EBE /* UMC_iOSUITests.swift in Sources */,
			);
			runOnlyForDeploymentPostprocessing = 0;
		};
/* End PBXSourcesBuildPhase section */

/* Begin PBXTargetDependency section */
		F34D2BDD2B73671800491EBE /* PBXTargetDependency */ = {
			isa = PBXTargetDependency;
			target = F34D2BCA2B73671700491EBE /* UMC-iOS */;
			targetProxy = F34D2BDC2B73671800491EBE /* PBXContainerItemProxy */;
		};
		F34D2BE72B73671800491EBE /* PBXTargetDependency */ = {
			isa = PBXTargetDependency;
			target = F34D2BCA2B73671700491EBE /* UMC-iOS */;
			targetProxy = F34D2BE62B73671800491EBE /* PBXContainerItemProxy */;
		};
/* End PBXTargetDependency section */

/* Begin XCBuildConfiguration section */
		F34D2BED2B73671800491EBE /* Debug */ = {
			isa = XCBuildConfiguration;
			buildSettings = {
				ALWAYS_SEARCH_USER_PATHS = NO;
				ASSETCATALOG_COMPILER_GENERATE_SWIFT_ASSET_SYMBOL_EXTENSIONS = YES;
				CLANG_ANALYZER_NONNULL = YES;
				CLANG_ANALYZER_NUMBER_OBJECT_CONVERSION = YES_AGGRESSIVE;
				CLANG_CXX_LANGUAGE_STANDARD = "gnu++20";
				CLANG_ENABLE_MODULES = YES;
				CLANG_ENABLE_OBJC_ARC = YES;
				CLANG_ENABLE_OBJC_WEAK = YES;
				CLANG_WARN_BLOCK_CAPTURE_AUTORELEASING = YES;
				CLANG_WARN_BOOL_CONVERSION = YES;
				CLANG_WARN_COMMA = YES;
				CLANG_WARN_CONSTANT_CONVERSION = YES;
				CLANG_WARN_DEPRECATED_OBJC_IMPLEMENTATIONS = YES;
				CLANG_WARN_DIRECT_OBJC_ISA_USAGE = YES_ERROR;
				CLANG_WARN_DOCUMENTATION_COMMENTS = YES;
				CLANG_WARN_EMPTY_BODY = YES;
				CLANG_WARN_ENUM_CONVERSION = YES;
				CLANG_WARN_INFINITE_RECURSION = YES;
				CLANG_WARN_INT_CONVERSION = YES;
				CLANG_WARN_NON_LITERAL_NULL_CONVERSION = YES;
				CLANG_WARN_OBJC_IMPLICIT_RETAIN_SELF = YES;
				CLANG_WARN_OBJC_LITERAL_CONVERSION = YES;
				CLANG_WARN_OBJC_ROOT_CLASS = YES_ERROR;
				CLANG_WARN_QUOTED_INCLUDE_IN_FRAMEWORK_HEADER = YES;
				CLANG_WARN_RANGE_LOOP_ANALYSIS = YES;
				CLANG_WARN_STRICT_PROTOTYPES = YES;
				CLANG_WARN_SUSPICIOUS_MOVE = YES;
				CLANG_WARN_UNGUARDED_AVAILABILITY = YES_AGGRESSIVE;
				CLANG_WARN_UNREACHABLE_CODE = YES;
				CLANG_WARN__DUPLICATE_METHOD_MATCH = YES;
				COPY_PHASE_STRIP = NO;
				DEBUG_INFORMATION_FORMAT = dwarf;
				ENABLE_STRICT_OBJC_MSGSEND = YES;
				ENABLE_TESTABILITY = YES;
				ENABLE_USER_SCRIPT_SANDBOXING = YES;
				GCC_C_LANGUAGE_STANDARD = gnu17;
				GCC_DYNAMIC_NO_PIC = NO;
				GCC_NO_COMMON_BLOCKS = YES;
				GCC_OPTIMIZATION_LEVEL = 0;
				GCC_PREPROCESSOR_DEFINITIONS = (
					"DEBUG=1",
					"$(inherited)",
				);
				GCC_WARN_64_TO_32_BIT_CONVERSION = YES;
				GCC_WARN_ABOUT_RETURN_TYPE = YES_ERROR;
				GCC_WARN_UNDECLARED_SELECTOR = YES;
				GCC_WARN_UNINITIALIZED_AUTOS = YES_AGGRESSIVE;
				GCC_WARN_UNUSED_FUNCTION = YES;
				GCC_WARN_UNUSED_VARIABLE = YES;
				IPHONEOS_DEPLOYMENT_TARGET = 17.2;
				LOCALIZATION_PREFERS_STRING_CATALOGS = YES;
				MTL_ENABLE_DEBUG_INFO = INCLUDE_SOURCE;
				MTL_FAST_MATH = YES;
				ONLY_ACTIVE_ARCH = YES;
				SDKROOT = iphoneos;
				SWIFT_ACTIVE_COMPILATION_CONDITIONS = "DEBUG $(inherited)";
				SWIFT_OPTIMIZATION_LEVEL = "-Onone";
			};
			name = Debug;
		};
		F34D2BEE2B73671800491EBE /* Release */ = {
			isa = XCBuildConfiguration;
			buildSettings = {
				ALWAYS_SEARCH_USER_PATHS = NO;
				ASSETCATALOG_COMPILER_GENERATE_SWIFT_ASSET_SYMBOL_EXTENSIONS = YES;
				CLANG_ANALYZER_NONNULL = YES;
				CLANG_ANALYZER_NUMBER_OBJECT_CONVERSION = YES_AGGRESSIVE;
				CLANG_CXX_LANGUAGE_STANDARD = "gnu++20";
				CLANG_ENABLE_MODULES = YES;
				CLANG_ENABLE_OBJC_ARC = YES;
				CLANG_ENABLE_OBJC_WEAK = YES;
				CLANG_WARN_BLOCK_CAPTURE_AUTORELEASING = YES;
				CLANG_WARN_BOOL_CONVERSION = YES;
				CLANG_WARN_COMMA = YES;
				CLANG_WARN_CONSTANT_CONVERSION = YES;
				CLANG_WARN_DEPRECATED_OBJC_IMPLEMENTATIONS = YES;
				CLANG_WARN_DIRECT_OBJC_ISA_USAGE = YES_ERROR;
				CLANG_WARN_DOCUMENTATION_COMMENTS = YES;
				CLANG_WARN_EMPTY_BODY = YES;
				CLANG_WARN_ENUM_CONVERSION = YES;
				CLANG_WARN_INFINITE_RECURSION = YES;
				CLANG_WARN_INT_CONVERSION = YES;
				CLANG_WARN_NON_LITERAL_NULL_CONVERSION = YES;
				CLANG_WARN_OBJC_IMPLICIT_RETAIN_SELF = YES;
				CLANG_WARN_OBJC_LITERAL_CONVERSION = YES;
				CLANG_WARN_OBJC_ROOT_CLASS = YES_ERROR;
				CLANG_WARN_QUOTED_INCLUDE_IN_FRAMEWORK_HEADER = YES;
				CLANG_WARN_RANGE_LOOP_ANALYSIS = YES;
				CLANG_WARN_STRICT_PROTOTYPES = YES;
				CLANG_WARN_SUSPICIOUS_MOVE = YES;
				CLANG_WARN_UNGUARDED_AVAILABILITY = YES_AGGRESSIVE;
				CLANG_WARN_UNREACHABLE_CODE = YES;
				CLANG_WARN__DUPLICATE_METHOD_MATCH = YES;
				COPY_PHASE_STRIP = NO;
				DEBUG_INFORMATION_FORMAT = "dwarf-with-dsym";
				ENABLE_NS_ASSERTIONS = NO;
				ENABLE_STRICT_OBJC_MSGSEND = YES;
				ENABLE_USER_SCRIPT_SANDBOXING = YES;
				GCC_C_LANGUAGE_STANDARD = gnu17;
				GCC_NO_COMMON_BLOCKS = YES;
				GCC_WARN_64_TO_32_BIT_CONVERSION = YES;
				GCC_WARN_ABOUT_RETURN_TYPE = YES_ERROR;
				GCC_WARN_UNDECLARED_SELECTOR = YES;
				GCC_WARN_UNINITIALIZED_AUTOS = YES_AGGRESSIVE;
				GCC_WARN_UNUSED_FUNCTION = YES;
				GCC_WARN_UNUSED_VARIABLE = YES;
				IPHONEOS_DEPLOYMENT_TARGET = 17.2;
				LOCALIZATION_PREFERS_STRING_CATALOGS = YES;
				MTL_ENABLE_DEBUG_INFO = NO;
				MTL_FAST_MATH = YES;
				SDKROOT = iphoneos;
				SWIFT_COMPILATION_MODE = wholemodule;
				VALIDATE_PRODUCT = YES;
			};
			name = Release;
		};
		F34D2BF02B73671800491EBE /* Debug */ = {
			isa = XCBuildConfiguration;
			buildSettings = {
				ASSETCATALOG_COMPILER_APPICON_NAME = AppIcon;
				ASSETCATALOG_COMPILER_GLOBAL_ACCENT_COLOR_NAME = AccentColor;
				CODE_SIGN_STYLE = Automatic;
				CURRENT_PROJECT_VERSION = 1;
				DEVELOPMENT_ASSET_PATHS = "\"UMC-iOS/Preview Content\"";
				ENABLE_PREVIEWS = YES;
				GENERATE_INFOPLIST_FILE = YES;
				INFOPLIST_KEY_UIApplicationSceneManifest_Generation = YES;
				INFOPLIST_KEY_UIApplicationSupportsIndirectInputEvents = YES;
				INFOPLIST_KEY_UILaunchScreen_Generation = YES;
				INFOPLIST_KEY_UISupportedInterfaceOrientations_iPad = "UIInterfaceOrientationPortrait UIInterfaceOrientationPortraitUpsideDown UIInterfaceOrientationLandscapeLeft UIInterfaceOrientationLandscapeRight";
				INFOPLIST_KEY_UISupportedInterfaceOrientations_iPhone = "UIInterfaceOrientationPortrait UIInterfaceOrientationLandscapeLeft UIInterfaceOrientationLandscapeRight";
				LD_RUNPATH_SEARCH_PATHS = (
					"$(inherited)",
					"@executable_path/Frameworks",
				);
				MARKETING_VERSION = 1.0;
				PRODUCT_BUNDLE_IDENTIFIER = "com.kyungsoo.UMC-iOS";
				PRODUCT_NAME = "$(TARGET_NAME)";
				SWIFT_EMIT_LOC_STRINGS = YES;
				SWIFT_VERSION = 5.0;
				TARGETED_DEVICE_FAMILY = "1,2";
			};
			name = Debug;
		};
		F34D2BF12B73671800491EBE /* Release */ = {
			isa = XCBuildConfiguration;
			buildSettings = {
				ASSETCATALOG_COMPILER_APPICON_NAME = AppIcon;
				ASSETCATALOG_COMPILER_GLOBAL_ACCENT_COLOR_NAME = AccentColor;
				CODE_SIGN_STYLE = Automatic;
				CURRENT_PROJECT_VERSION = 1;
				DEVELOPMENT_ASSET_PATHS = "\"UMC-iOS/Preview Content\"";
				ENABLE_PREVIEWS = YES;
				GENERATE_INFOPLIST_FILE = YES;
				INFOPLIST_KEY_UIApplicationSceneManifest_Generation = YES;
				INFOPLIST_KEY_UIApplicationSupportsIndirectInputEvents = YES;
				INFOPLIST_KEY_UILaunchScreen_Generation = YES;
				INFOPLIST_KEY_UISupportedInterfaceOrientations_iPad = "UIInterfaceOrientationPortrait UIInterfaceOrientationPortraitUpsideDown UIInterfaceOrientationLandscapeLeft UIInterfaceOrientationLandscapeRight";
				INFOPLIST_KEY_UISupportedInterfaceOrientations_iPhone = "UIInterfaceOrientationPortrait UIInterfaceOrientationLandscapeLeft UIInterfaceOrientationLandscapeRight";
				LD_RUNPATH_SEARCH_PATHS = (
					"$(inherited)",
					"@executable_path/Frameworks",
				);
				MARKETING_VERSION = 1.0;
				PRODUCT_BUNDLE_IDENTIFIER = "com.kyungsoo.UMC-iOS";
				PRODUCT_NAME = "$(TARGET_NAME)";
				SWIFT_EMIT_LOC_STRINGS = YES;
				SWIFT_VERSION = 5.0;
				TARGETED_DEVICE_FAMILY = "1,2";
			};
			name = Release;
		};
		F34D2BF32B73671800491EBE /* Debug */ = {
			isa = XCBuildConfiguration;
			buildSettings = {
				ALWAYS_EMBED_SWIFT_STANDARD_LIBRARIES = YES;
				BUNDLE_LOADER = "$(TEST_HOST)";
				CODE_SIGN_STYLE = Automatic;
				CURRENT_PROJECT_VERSION = 1;
				GENERATE_INFOPLIST_FILE = YES;
				IPHONEOS_DEPLOYMENT_TARGET = 17.2;
				MARKETING_VERSION = 1.0;
				PRODUCT_BUNDLE_IDENTIFIER = "com.kyungsoo.UMC-iOSTests";
				PRODUCT_NAME = "$(TARGET_NAME)";
				SWIFT_EMIT_LOC_STRINGS = NO;
				SWIFT_VERSION = 5.0;
				TARGETED_DEVICE_FAMILY = "1,2";
				TEST_HOST = "$(BUILT_PRODUCTS_DIR)/UMC-iOS.app/$(BUNDLE_EXECUTABLE_FOLDER_PATH)/UMC-iOS";
			};
			name = Debug;
		};
		F34D2BF42B73671800491EBE /* Release */ = {
			isa = XCBuildConfiguration;
			buildSettings = {
				ALWAYS_EMBED_SWIFT_STANDARD_LIBRARIES = YES;
				BUNDLE_LOADER = "$(TEST_HOST)";
				CODE_SIGN_STYLE = Automatic;
				CURRENT_PROJECT_VERSION = 1;
				GENERATE_INFOPLIST_FILE = YES;
				IPHONEOS_DEPLOYMENT_TARGET = 17.2;
				MARKETING_VERSION = 1.0;
				PRODUCT_BUNDLE_IDENTIFIER = "com.kyungsoo.UMC-iOSTests";
				PRODUCT_NAME = "$(TARGET_NAME)";
				SWIFT_EMIT_LOC_STRINGS = NO;
				SWIFT_VERSION = 5.0;
				TARGETED_DEVICE_FAMILY = "1,2";
				TEST_HOST = "$(BUILT_PRODUCTS_DIR)/UMC-iOS.app/$(BUNDLE_EXECUTABLE_FOLDER_PATH)/UMC-iOS";
			};
			name = Release;
		};
		F34D2BF62B73671800491EBE /* Debug */ = {
			isa = XCBuildConfiguration;
			buildSettings = {
				ALWAYS_EMBED_SWIFT_STANDARD_LIBRARIES = YES;
				CODE_SIGN_STYLE = Automatic;
				CURRENT_PROJECT_VERSION = 1;
				GENERATE_INFOPLIST_FILE = YES;
				MARKETING_VERSION = 1.0;
				PRODUCT_BUNDLE_IDENTIFIER = "com.kyungsoo.UMC-iOSUITests";
				PRODUCT_NAME = "$(TARGET_NAME)";
				SWIFT_EMIT_LOC_STRINGS = NO;
				SWIFT_VERSION = 5.0;
				TARGETED_DEVICE_FAMILY = "1,2";
				TEST_TARGET_NAME = "UMC-iOS";
			};
			name = Debug;
		};
		F34D2BF72B73671800491EBE /* Release */ = {
			isa = XCBuildConfiguration;
			buildSettings = {
				ALWAYS_EMBED_SWIFT_STANDARD_LIBRARIES = YES;
				CODE_SIGN_STYLE = Automatic;
				CURRENT_PROJECT_VERSION = 1;
				GENERATE_INFOPLIST_FILE = YES;
				MARKETING_VERSION = 1.0;
				PRODUCT_BUNDLE_IDENTIFIER = "com.kyungsoo.UMC-iOSUITests";
				PRODUCT_NAME = "$(TARGET_NAME)";
				SWIFT_EMIT_LOC_STRINGS = NO;
				SWIFT_VERSION = 5.0;
				TARGETED_DEVICE_FAMILY = "1,2";
				TEST_TARGET_NAME = "UMC-iOS";
			};
			name = Release;
		};
/* End XCBuildConfiguration section */

/* Begin XCConfigurationList section */
		F34D2BC62B73671700491EBE /* Build configuration list for PBXProject "UMC-iOS" */ = {
			isa = XCConfigurationList;
			buildConfigurations = (
				F34D2BED2B73671800491EBE /* Debug */,
				F34D2BEE2B73671800491EBE /* Release */,
			);
			defaultConfigurationIsVisible = 0;
			defaultConfigurationName = Release;
		};
		F34D2BEF2B73671800491EBE /* Build configuration list for PBXNativeTarget "UMC-iOS" */ = {
			isa = XCConfigurationList;
			buildConfigurations = (
				F34D2BF02B73671800491EBE /* Debug */,
				F34D2BF12B73671800491EBE /* Release */,
			);
			defaultConfigurationIsVisible = 0;
			defaultConfigurationName = Release;
		};
		F34D2BF22B73671800491EBE /* Build configuration list for PBXNativeTarget "UMC-iOSTests" */ = {
			isa = XCConfigurationList;
			buildConfigurations = (
				F34D2BF32B73671800491EBE /* Debug */,
				F34D2BF42B73671800491EBE /* Release */,
			);
			defaultConfigurationIsVisible = 0;
			defaultConfigurationName = Release;
		};
		F34D2BF52B73671800491EBE /* Build configuration list for PBXNativeTarget "UMC-iOSUITests" */ = {
			isa = XCConfigurationList;
			buildConfigurations = (
				F34D2BF62B73671800491EBE /* Debug */,
				F34D2BF72B73671800491EBE /* Release */,
			);
			defaultConfigurationIsVisible = 0;
			defaultConfigurationName = Release;
		};
/* End XCConfigurationList section */
	};
	rootObject = F34D2BC32B73671700491EBE /* Project object */;
}
